
Microsoft Visual Studio Solution File, Format Version 12.00
# Visual Studio Version 17
VisualStudioVersion = 17.2.32526.322
MinimumVisualStudioVersion = 10.0.40219.1
Project("{FAE04EC0-301F-11D3-BF4B-00C04F79EFBC}") = "myblog", "myblog\myblog.csproj", "{E58AE189-F1FA-44EF-9800-4AF0176C89FB}"
EndProject
Project("{FAE04EC0-301F-11D3-BF4B-00C04F79EFBC}") = "Model", "Model\Model.csproj", "{C46E5FCE-0F89-477A-AD63-8A06F811F103}"
EndProject
Project("{FAE04EC0-301F-11D3-BF4B-00C04F79EFBC}") = "Services", "Service\Services.csproj", "{C754C643-3753-47B3-BB2C-084211EAB7EA}"
EndProject
Project("{FAE04EC0-301F-11D3-BF4B-00C04F79EFBC}") = "IServices", "IServices\IServices.csproj", "{94036F28-4900-4433-8CB6-623D0172FDA7}"
EndProject
Project("{FAE04EC0-301F-11D3-BF4B-00C04F79EFBC}") = "Repository", "Repository\Repository.csproj", "{476307B6-9FAD-474A-82A7-A029AC5F0E6E}"
EndProject
Project("{FAE04EC0-301F-11D3-BF4B-00C04F79EFBC}") = "Common", "Common\Common.csproj", "{455E44F6-F9B8-46BA-A2C2-A8C599A830E1}"
EndProject
Global
	GlobalSection(SolutionConfigurationPlatforms) = preSolution
		Debug|Any CPU = Debug|Any CPU
		Release|Any CPU = Release|Any CPU
	EndGlobalSection
	GlobalSection(ProjectConfigurationPlatforms) = postSolution
		{E58AE189-F1FA-44EF-9800-4AF0176C89FB}.Debug|Any CPU.ActiveCfg = Debug|Any CPU
		{E58AE189-F1FA-44EF-9800-4AF0176C89FB}.Debug|Any CPU.Build.0 = Debug|Any CPU
		{E58AE189-F1FA-44EF-9800-4AF0176C89FB}.Release|Any CPU.ActiveCfg = Release|Any CPU
		{E58AE189-F1FA-44EF-9800-4AF0176C89FB}.Release|Any CPU.Build.0 = Release|Any CPU
		{C46E5FCE-0F89-477A-AD63-8A06F811F103}.Debug|Any CPU.ActiveCfg = Debug|Any CPU
		{C46E5FCE-0F89-477A-AD63-8A06F811F103}.Debug|Any CPU.Build.0 = Debug|Any CPU
		{C46E5FCE-0F89-477A-AD63-8A06F811F103}.Release|Any CPU.ActiveCfg = Release|Any CPU
		{C46E5FCE-0F89-477A-AD63-8A06F811F103}.Release|Any CPU.Build.0 = Release|Any CPU
		{C754C643-3753-47B3-BB2C-084211EAB7EA}.Debug|Any CPU.ActiveCfg = Debug|Any CPU
		{C754C643-3753-47B3-BB2C-084211EAB7EA}.Debug|Any CPU.Build.0 = Debug|Any CPU
		{C754C643-3753-47B3-BB2C-084211EAB7EA}.Release|Any CPU.ActiveCfg = Release|Any CPU
		{C754C643-3753-47B3-BB2C-084211EAB7EA}.Release|Any CPU.Build.0 = Release|Any CPU
		{94036F28-4900-4433-8CB6-623D0172FDA7}.Debug|Any CPU.ActiveCfg = Debug|Any CPU
		{94036F28-4900-4433-8CB6-623D0172FDA7}.Debug|Any CPU.Build.0 = Debug|Any CPU
		{94036F28-4900-4433-8CB6-623D0172FDA7}.Release|Any CPU.ActiveCfg = Release|Any CPU
		{94036F28-4900-4433-8CB6-623D0172FDA7}.Release|Any CPU.Build.0 = Release|Any CPU
		{476307B6-9FAD-474A-82A7-A029AC5F0E6E}.Debug|Any CPU.ActiveCfg = Debug|Any CPU
		{476307B6-9FAD-474A-82A7-A029AC5F0E6E}.Debug|Any CPU.Build.0 = Debug|Any CPU
		{476307B6-9FAD-474A-82A7-A029AC5F0E6E}.Release|Any CPU.ActiveCfg = Release|Any CPU
		{476307B6-9FAD-474A-82A7-A029AC5F0E6E}.Release|Any CPU.Build.0 = Release|Any CPU
		{455E44F6-F9B8-46BA-A2C2-A8C599A830E1}.Debug|Any CPU.ActiveCfg = Debug|Any CPU
		{455E44F6-F9B8-46BA-A2C2-A8C599A830E1}.Debug|Any CPU.Build.0 = Debug|Any CPU
		{455E44F6-F9B8-46BA-A2C2-A8C599A830E1}.Release|Any CPU.ActiveCfg = Release|Any CPU
		{455E44F6-F9B8-46BA-A2C2-A8C599A830E1}.Release|Any CPU.Build.0 = Release|Any CPU
	EndGlobalSection
	GlobalSection(SolutionProperties) = preSolution
		HideSolutionNode = FALSE
	EndGlobalSection
	GlobalSection(ExtensibilityGlobals) = postSolution
		SolutionGuid = {D1E81A87-05C3-4FEF-874A-144F2A83CBD8}
	EndGlobalSection
EndGlobal
